{
  "name": "create-react-app-with-redux",
  "version": "0.0.1",
  "lockfileVersion": 1,
  "requires": true,
  "dependencies": {
    "@babel/runtime": {
      "version": "7.20.13",
      "resolved": "https://nexus.quintoandar.com.br/repository/npm-registry/@babel/runtime/-/runtime-7.20.13.tgz",
      "integrity": "sha512-gt3PKXs0DBoL9xCvOIIZ2NEqAGZqHjAnmVbfQtB620V0uReIQutpel14KcneZuer7UioY8ALKZ7iocavvzTNFA==",
      "requires": {
        "regenerator-runtime": "^0.13.11"
      }
    },
    "@reduxjs/toolkit": {
      "version": "1.9.1",
      "resolved": "https://nexus.quintoandar.com.br/repository/npm-registry/@reduxjs/toolkit/-/toolkit-1.9.1.tgz",
      "integrity": "sha512-HikrdY+IDgRfRYlCTGUQaiCxxDDgM1mQrRbZ6S1HFZX5ZYuJ4o8EstNmhTwHdPl2rTmLxzwSu0b3AyeyTlR+RA==",
      "requires": {
        "immer": "^9.0.16",
        "redux": "^4.2.0",
        "redux-thunk": "^2.4.2",
        "reselect": "^4.1.7"
      },
      "dependencies": {
        "redux": {
          "version": "4.2.0",
          "resolved": "https://nexus.quintoandar.com.br/repository/npm-registry/redux/-/redux-4.2.0.tgz",
          "integrity": "sha512-oSBmcKKIuIR4ME29/AeNUnl5L+hvBq7OaJWzaptTQJAntaPvxIJqfnjbaEiCzzaIz+XmVILfqAM3Ob0aXLPfjA==",
          "requires": {
            "@babel/runtime": "^7.9.2"
          }
        }
      }
    },
    "immer": {
      "version": "9.0.18",
      "resolved": "https://nexus.quintoandar.com.br/repository/npm-registry/immer/-/immer-9.0.18.tgz",
      "integrity": "sha512-eAPNpsj7Ax1q6Y/3lm2PmlwRcFzpON7HSNQ3ru5WQH1/PSpnyed/HpNOELl2CxLKoj4r+bAHgdyKqW5gc2Se1A=="
    },
    "redux-thunk": {
      "version": "2.4.2",
      "resolved": "https://nexus.quintoandar.com.br/repository/npm-registry/redux-thunk/-/redux-thunk-2.4.2.tgz",
      "integrity": "sha512-+P3TjtnP0k/FEjcBL5FZpoovtvrTNT/UXd4/sluaSyrURlSlhLSzEdfsTBW7WsKB6yPvgd7q/iZPICFjW4o57Q=="
    },
    "regenerator-runtime": {
      "version": "0.13.11",
      "resolved": "https://nexus.quintoandar.com.br/repository/npm-registry/regenerator-runtime/-/regenerator-runtime-0.13.11.tgz",
      "integrity": "sha512-kY1AZVr2Ra+t+piVaJ4gxaFaReZVH40AKNo7UCX6W+dEwBo/2oZJzqfuN1qLq1oL45o56cPaTXELwrTh8Fpggg=="
    },
    "reselect": {
      "version": "4.1.7",
      "resolved": "https://nexus.quintoandar.com.br/repository/npm-registry/reselect/-/reselect-4.1.7.tgz",
      "integrity": "sha512-Zu1xbUt3/OPwsXL46hvOOoQrap2azE7ZQbokq61BQfiXvhewsKDwhMeZjTX9sX0nvw1t/U5Audyn1I9P/m9z0A=="
    }
  }
}
